// !$*UTF8*$!
{
	archiveVersion = 1;
	classes = {
	};
	objectVersion = 56;
	objects = {

/* Begin PBXBuildFile section */
		EDD349452C08969A006F892F /* AppDelegate.swift in Sources */ = {isa = PBXBuildFile; fileRef = EDD349442C08969A006F892F /* AppDelegate.swift */; };
		EDD349472C08969A006F892F /* SceneDelegate.swift in Sources */ = {isa = PBXBuildFile; fileRef = EDD349462C08969A006F892F /* SceneDelegate.swift */; };
		EDD349492C08969A006F892F /* ViewController.swift in Sources */ = {isa = PBXBuildFile; fileRef = EDD349482C08969A006F892F /* ViewController.swift */; };
		EDD3494C2C08969A006F892F /* Base in Resources */ = {isa = PBXBuildFile; fileRef = EDD3494B2C08969A006F892F /* Base */; };
		EDD3494E2C08969C006F892F /* Assets.xcassets in Resources */ = {isa = PBXBuildFile; fileRef = EDD3494D2C08969C006F892F /* Assets.xcassets */; };
		EDD349512C08969C006F892F /* Base in Resources */ = {isa = PBXBuildFile; fileRef = EDD349502C08969C006F892F /* Base */; };
		EDD3495C2C08969C006F892F /* HW_13_2Tests.swift in Sources */ = {isa = PBXBuildFile; fileRef = EDD3495B2C08969C006F892F /* HW_13_2Tests.swift */; };
		EDD349662C08969C006F892F /* HW_13_2UITests.swift in Sources */ = {isa = PBXBuildFile; fileRef = EDD349652C08969C006F892F /* HW_13_2UITests.swift */; };
		EDD349682C08969C006F892F /* HW_13_2UITestsLaunchTests.swift in Sources */ = {isa = PBXBuildFile; fileRef = EDD349672C08969C006F892F /* HW_13_2UITestsLaunchTests.swift */; };
		EDD349752C089885006F892F /* CirclePinch.swift in Sources */ = {isa = PBXBuildFile; fileRef = EDD349742C089885006F892F /* CirclePinch.swift */; };
/* End PBXBuildFile section */

/* Begin PBXContainerItemProxy section */
		EDD349582C08969C006F892F /* PBXContainerItemProxy */ = {
			isa = PBXContainerItemProxy;
			containerPortal = EDD349392C08969A006F892F /* Project object */;
			proxyType = 1;
			remoteGlobalIDString = EDD349402C08969A006F892F;
			remoteInfo = "HW-13-2";
		};
		EDD349622C08969C006F892F /* PBXContainerItemProxy */ = {
			isa = PBXContainerItemProxy;
			containerPortal = EDD349392C08969A006F892F /* Project object */;
			proxyType = 1;
			remoteGlobalIDString = EDD349402C08969A006F892F;
			remoteInfo = "HW-13-2";
		};
/* End PBXContainerItemProxy section */

/* Begin PBXFileReference section */
		EDD349412C08969A006F892F /* HW-13-2.app */ = {isa = PBXFileReference; explicitFileType = wrapper.application; includeInIndex = 0; path = "HW-13-2.app"; sourceTree = BUILT_PRODUCTS_DIR; };
		EDD349442C08969A006F892F /* AppDelegate.swift */ = {isa = PBXFileReference; lastKnownFileType = sourcecode.swift; path = AppDelegate.swift; sourceTree = "<group>"; };
		EDD349462C08969A006F892F /* SceneDelegate.swift */ = {isa = PBXFileReference; lastKnownFileType = sourcecode.swift; path = SceneDelegate.swift; sourceTree = "<group>"; };
		EDD349482C08969A006F892F /* ViewController.swift */ = {isa = PBXFileReference; lastKnownFileType = sourcecode.swift; path = ViewController.swift; sourceTree = "<group>"; };
		EDD3494B2C08969A006F892F /* Base */ = {isa = PBXFileReference; lastKnownFileType = file.storyboard; name = Base; path = Base.lproj/Main.storyboard; sourceTree = "<group>"; };
		EDD3494D2C08969C006F892F /* Assets.xcassets */ = {isa = PBXFileReference; lastKnownFileType = folder.assetcatalog; path = Assets.xcassets; sourceTree = "<group>"; };
		EDD349502C08969C006F892F /* Base */ = {isa = PBXFileReference; lastKnownFileType = file.storyboard; name = Base; path = Base.lproj/LaunchScreen.storyboard; sourceTree = "<group>"; };
		EDD349522C08969C006F892F /* Info.plist */ = {isa = PBXFileReference; lastKnownFileType = text.plist.xml; path = Info.plist; sourceTree = "<group>"; };
		EDD349572C08969C006F892F /* HW-13-2Tests.xctest */ = {isa = PBXFileReference; explicitFileType = wrapper.cfbundle; includeInIndex = 0; path = "HW-13-2Tests.xctest"; sourceTree = BUILT_PRODUCTS_DIR; };
		EDD3495B2C08969C006F892F /* HW_13_2Tests.swift */ = {isa = PBXFileReference; lastKnownFileType = sourcecode.swift; path = HW_13_2Tests.swift; sourceTree = "<group>"; };
		EDD349612C08969C006F892F /* HW-13-2UITests.xctest */ = {isa = PBXFileReference; explicitFileType = wrapper.cfbundle; includeInIndex = 0; path = "HW-13-2UITests.xctest"; sourceTree = BUILT_PRODUCTS_DIR; };
		EDD349652C08969C006F892F /* HW_13_2UITests.swift */ = {isa = PBXFileReference; lastKnownFileType = sourcecode.swift; path = HW_13_2UITests.swift; sourceTree = "<group>"; };
		EDD349672C08969C006F892F /* HW_13_2UITestsLaunchTests.swift */ = {isa = PBXFileReference; lastKnownFileType = sourcecode.swift; path = HW_13_2UITestsLaunchTests.swift; sourceTree = "<group>"; };
		EDD349742C089885006F892F /* CirclePinch.swift */ = {isa = PBXFileReference; lastKnownFileType = sourcecode.swift; path = CirclePinch.swift; sourceTree = "<group>"; };
/* End PBXFileReference section */

/* Begin PBXFrameworksBuildPhase section */
		EDD3493E2C08969A006F892F /* Frameworks */ = {
			isa = PBXFrameworksBuildPhase;
			buildActionMask = 2147483647;
			files = (
			);
			runOnlyForDeploymentPostprocessing = 0;
		};
		EDD349542C08969C006F892F /* Frameworks */ = {
			isa = PBXFrameworksBuildPhase;
			buildActionMask = 2147483647;
			files = (
			);
			runOnlyForDeploymentPostprocessing = 0;
		};
		EDD3495E2C08969C006F892F /* Frameworks */ = {
			isa = PBXFrameworksBuildPhase;
			buildActionMask = 2147483647;
			files = (
			);
			runOnlyForDeploymentPostprocessing = 0;
		};
/* End PBXFrameworksBuildPhase section */

/* Begin PBXGroup section */
		EDD349382C08969A006F892F = {
			isa = PBXGroup;
			children = (
				EDD349432C08969A006F892F /* HW-13-2 */,
				EDD3495A2C08969C006F892F /* HW-13-2Tests */,
				EDD349642C08969C006F892F /* HW-13-2UITests */,
				EDD349422C08969A006F892F /* Products */,
			);
			sourceTree = "<group>";
		};
		EDD349422C08969A006F892F /* Products */ = {
			isa = PBXGroup;
			children = (
				EDD349412C08969A006F892F /* HW-13-2.app */,
				EDD349572C08969C006F892F /* HW-13-2Tests.xctest */,
				EDD349612C08969C006F892F /* HW-13-2UITests.xctest */,
			);
			name = Products;
			sourceTree = "<group>";
		};
		EDD349432C08969A006F892F /* HW-13-2 */ = {
			isa = PBXGroup;
			children = (
				EDD349442C08969A006F892F /* AppDelegate.swift */,
				EDD349462C08969A006F892F /* SceneDelegate.swift */,
				EDD349482C08969A006F892F /* ViewController.swift */,
				EDD349742C089885006F892F /* CirclePinch.swift */,
				EDD3494A2C08969A006F892F /* Main.storyboard */,
				EDD3494D2C08969C006F892F /* Assets.xcassets */,
				EDD3494F2C08969C006F892F /* LaunchScreen.storyboard */,
				EDD349522C08969C006F892F /* Info.plist */,
			);
			path = "HW-13-2";
			sourceTree = "<group>";
		};
		EDD3495A2C08969C006F892F /* HW-13-2Tests */ = {
			isa = PBXGroup;
			children = (
				EDD3495B2C08969C006F892F /* HW_13_2Tests.swift */,
			);
			path = "HW-13-2Tests";
			sourceTree = "<group>";
		};
		EDD349642C08969C006F892F /* HW-13-2UITests */ = {
			isa = PBXGroup;
			children = (
				EDD349652C08969C006F892F /* HW_13_2UITests.swift */,
				EDD349672C08969C006F892F /* HW_13_2UITestsLaunchTests.swift */,
			);
			path = "HW-13-2UITests";
			sourceTree = "<group>";
		};
/* End PBXGroup section */

/* Begin PBXNativeTarget section */
		EDD349402C08969A006F892F /* HW-13-2 */ = {
			isa = PBXNativeTarget;
			buildConfigurationList = EDD3496B2C08969C006F892F /* Build configuration list for PBXNativeTarget "HW-13-2" */;
			buildPhases = (
				EDD3493D2C08969A006F892F /* Sources */,
				EDD3493E2C08969A006F892F /* Frameworks */,
				EDD3493F2C08969A006F892F /* Resources */,
			);
			buildRules = (
			);
			dependencies = (
			);
			name = "HW-13-2";
			productName = "HW-13-2";
			productReference = EDD349412C08969A006F892F /* HW-13-2.app */;
			productType = "com.apple.product-type.application";
		};
		EDD349562C08969C006F892F /* HW-13-2Tests */ = {
			isa = PBXNativeTarget;
			buildConfigurationList = EDD3496E2C08969C006F892F /* Build configuration list for PBXNativeTarget "HW-13-2Tests" */;
			buildPhases = (
				EDD349532C08969C006F892F /* Sources */,
				EDD349542C08969C006F892F /* Frameworks */,
				EDD349552C08969C006F892F /* Resources */,
			);
			buildRules = (
			);
			dependencies = (
				EDD349592C08969C006F892F /* PBXTargetDependency */,
			);
			name = "HW-13-2Tests";
			productName = "HW-13-2Tests";
			productReference = EDD349572C08969C006F892F /* HW-13-2Tests.xctest */;
			productType = "com.apple.product-type.bundle.unit-test";
		};
		EDD349602C08969C006F892F /* HW-13-2UITests */ = {
			isa = PBXNativeTarget;
			buildConfigurationList = EDD349712C08969C006F892F /* Build configuration list for PBXNativeTarget "HW-13-2UITests" */;
			buildPhases = (
				EDD3495D2C08969C006F892F /* Sources */,
				EDD3495E2C08969C006F892F /* Frameworks */,
				EDD3495F2C08969C006F892F /* Resources */,
			);
			buildRules = (
			);
			dependencies = (
				EDD349632C08969C006F892F /* PBXTargetDependency */,
			);
			name = "HW-13-2UITests";
			productName = "HW-13-2UITests";
			productReference = EDD349612C08969C006F892F /* HW-13-2UITests.xctest */;
			productType = "com.apple.product-type.bundle.ui-testing";
		};
/* End PBXNativeTarget section */

/* Begin PBXProject section */
		EDD349392C08969A006F892F /* Project object */ = {
			isa = PBXProject;
			attributes = {
				BuildIndependentTargetsInParallel = 1;
				LastSwiftUpdateCheck = 1540;
				LastUpgradeCheck = 1540;
				TargetAttributes = {
					EDD349402C08969A006F892F = {
						CreatedOnToolsVersion = 15.4;
					};
					EDD349562C08969C006F892F = {
						CreatedOnToolsVersion = 15.4;
						TestTargetID = EDD349402C08969A006F892F;
					};
					EDD349602C08969C006F892F = {
						CreatedOnToolsVersion = 15.4;
						TestTargetID = EDD349402C08969A006F892F;
					};
				};
			};
			buildConfigurationList = EDD3493C2C08969A006F892F /* Build configuration list for PBXProject "HW-13-2" */;
			compatibilityVersion = "Xcode 14.0";
			developmentRegion = en;
			hasScannedForEncodings = 0;
			knownRegions = (
				en,
				Base,
			);
			mainGroup = EDD349382C08969A006F892F;
			productRefGroup = EDD349422C08969A006F892F /* Products */;
			projectDirPath = "";
			projectRoot = "";
			targets = (
				EDD349402C08969A006F892F /* HW-13-2 */,
				EDD349562C08969C006F892F /* HW-13-2Tests */,
				EDD349602C08969C006F892F /* HW-13-2UITests */,
			);
		};
/* End PBXProject section */

/* Begin PBXResourcesBuildPhase section */
		EDD3493F2C08969A006F892F /* Resources */ = {
			isa = PBXResourcesBuildPhase;
			buildActionMask = 2147483647;
			files = (
				EDD3494E2C08969C006F892F /* Assets.xcassets in Resources */,
				EDD349512C08969C006F892F /* Base in Resources */,
				EDD3494C2C08969A006F892F /* Base in Resources */,
			);
			runOnlyForDeploymentPostprocessing = 0;
		};
		EDD349552C08969C006F892F /* Resources */ = {
			isa = PBXResourcesBuildPhase;
			buildActionMask = 2147483647;
			files = (
			);
			runOnlyForDeploymentPostprocessing = 0;
		};
		EDD3495F2C08969C006F892F /* Resources */ = {
			isa = PBXResourcesBuildPhase;
			buildActionMask = 2147483647;
			files = (
			);
			runOnlyForDeploymentPostprocessing = 0;
		};
/* End PBXResourcesBuildPhase section */

/* Begin PBXSourcesBuildPhase section */
		EDD3493D2C08969A006F892F /* Sources */ = {
			isa = PBXSourcesBuildPhase;
			buildActionMask = 2147483647;
			files = (
				EDD349752C089885006F892F /* CirclePinch.swift in Sources */,
				EDD349492C08969A006F892F /* ViewController.swift in Sources */,
				EDD349452C08969A006F892F /* AppDelegate.swift in Sources */,
				EDD349472C08969A006F892F /* SceneDelegate.swift in Sources */,
			);
			runOnlyForDeploymentPostprocessing = 0;
		};
		EDD349532C08969C006F892F /* Sources */ = {
			isa = PBXSourcesBuildPhase;
			buildActionMask = 2147483647;
			files = (
				EDD3495C2C08969C006F892F /* HW_13_2Tests.swift in Sources */,
			);
			runOnlyForDeploymentPostprocessing = 0;
		};
		EDD3495D2C08969C006F892F /* Sources */ = {
			isa = PBXSourcesBuildPhase;
			buildActionMask = 2147483647;
			files = (
				EDD349682C08969C006F892F /* HW_13_2UITestsLaunchTests.swift in Sources */,
				EDD349662C08969C006F892F /* HW_13_2UITests.swift in Sources */,
			);
			runOnlyForDeploymentPostprocessing = 0;
		};
/* End PBXSourcesBuildPhase section */

/* Begin PBXTargetDependency section */
		EDD349592C08969C006F892F /* PBXTargetDependency */ = {
			isa = PBXTargetDependency;
			target = EDD349402C08969A006F892F /* HW-13-2 */;
			targetProxy = EDD349582C08969C006F892F /* PBXContainerItemProxy */;
		};
		EDD349632C08969C006F892F /* PBXTargetDependency */ = {
			isa = PBXTargetDependency;
			target = EDD349402C08969A006F892F /* HW-13-2 */;
			targetProxy = EDD349622C08969C006F892F /* PBXContainerItemProxy */;
		};
/* End PBXTargetDependency section */

/* Begin PBXVariantGroup section */
		EDD3494A2C08969A006F892F /* Main.storyboard */ = {
			isa = PBXVariantGroup;
			children = (
				EDD3494B2C08969A006F892F /* Base */,
			);
			name = Main.storyboard;
			sourceTree = "<group>";
		};
		EDD3494F2C08969C006F892F /* LaunchScreen.storyboard */ = {
			isa = PBXVariantGroup;
			children = (
				EDD349502C08969C006F892F /* Base */,
			);
			name = LaunchScreen.storyboard;
			sourceTree = "<group>";
		};
/* End PBXVariantGroup section */

/* Begin XCBuildConfiguration section */
		EDD349692C08969C006F892F /* Debug */ = {
			isa = XCBuildConfiguration;
			buildSettings = {
				ALWAYS_SEARCH_USER_PATHS = NO;
				ASSETCATALOG_COMPILER_GENERATE_SWIFT_ASSET_SYMBOL_EXTENSIONS = YES;
				CLANG_ANALYZER_NONNULL = YES;
				CLANG_ANALYZER_NUMBER_OBJECT_CONVERSION = YES_AGGRESSIVE;
				CLANG_CXX_LANGUAGE_STANDARD = "gnu++20";
				CLANG_ENABLE_MODULES = YES;
				CLANG_ENABLE_OBJC_ARC = YES;
				CLANG_ENABLE_OBJC_WEAK = YES;
				CLANG_WARN_BLOCK_CAPTURE_AUTORELEASING = YES;
				CLANG_WARN_BOOL_CONVERSION = YES;
				CLANG_WARN_COMMA = YES;
				CLANG_WARN_CONSTANT_CONVERSION = YES;
				CLANG_WARN_DEPRECATED_OBJC_IMPLEMENTATIONS = YES;
				CLANG_WARN_DIRECT_OBJC_ISA_USAGE = YES_ERROR;
				CLANG_WARN_DOCUMENTATION_COMMENTS = YES;
				CLANG_WARN_EMPTY_BODY = YES;
				CLANG_WARN_ENUM_CONVERSION = YES;
				CLANG_WARN_INFINITE_RECURSION = YES;
				CLANG_WARN_INT_CONVERSION = YES;
				CLANG_WARN_NON_LITERAL_NULL_CONVERSION = YES;
				CLANG_WARN_OBJC_IMPLICIT_RETAIN_SELF = YES;
				CLANG_WARN_OBJC_LITERAL_CONVERSION = YES;
				CLANG_WARN_OBJC_ROOT_CLASS = YES_ERROR;
				CLANG_WARN_QUOTED_INCLUDE_IN_FRAMEWORK_HEADER = YES;
				CLANG_WARN_RANGE_LOOP_ANALYSIS = YES;
				CLANG_WARN_STRICT_PROTOTYPES = YES;
				CLANG_WARN_SUSPICIOUS_MOVE = YES;
				CLANG_WARN_UNGUARDED_AVAILABILITY = YES_AGGRESSIVE;
				CLANG_WARN_UNREACHABLE_CODE = YES;
				CLANG_WARN__DUPLICATE_METHOD_MATCH = YES;
				COPY_PHASE_STRIP = NO;
				DEBUG_INFORMATION_FORMAT = dwarf;
				ENABLE_STRICT_OBJC_MSGSEND = YES;
				ENABLE_TESTABILITY = YES;
				ENABLE_USER_SCRIPT_SANDBOXING = YES;
				GCC_C_LANGUAGE_STANDARD = gnu17;
				GCC_DYNAMIC_NO_PIC = NO;
				GCC_NO_COMMON_BLOCKS = YES;
				GCC_OPTIMIZATION_LEVEL = 0;
				GCC_PREPROCESSOR_DEFINITIONS = (
					"DEBUG=1",
					"$(inherited)",
				);
				GCC_WARN_64_TO_32_BIT_CONVERSION = YES;
				GCC_WARN_ABOUT_RETURN_TYPE = YES_ERROR;
				GCC_WARN_UNDECLARED_SELECTOR = YES;
				GCC_WARN_UNINITIALIZED_AUTOS = YES_AGGRESSIVE;
				GCC_WARN_UNUSED_FUNCTION = YES;
				GCC_WARN_UNUSED_VARIABLE = YES;
				IPHONEOS_DEPLOYMENT_TARGET = 17.5;
				LOCALIZATION_PREFERS_STRING_CATALOGS = YES;
				MTL_ENABLE_DEBUG_INFO = INCLUDE_SOURCE;
				MTL_FAST_MATH = YES;
				ONLY_ACTIVE_ARCH = YES;
				SDKROOT = iphoneos;
				SWIFT_ACTIVE_COMPILATION_CONDITIONS = "DEBUG $(inherited)";
				SWIFT_OPTIMIZATION_LEVEL = "-Onone";
			};
			name = Debug;
		};
		EDD3496A2C08969C006F892F /* Release */ = {
			isa = XCBuildConfiguration;
			buildSettings = {
				ALWAYS_SEARCH_USER_PATHS = NO;
				ASSETCATALOG_COMPILER_GENERATE_SWIFT_ASSET_SYMBOL_EXTENSIONS = YES;
				CLANG_ANALYZER_NONNULL = YES;
				CLANG_ANALYZER_NUMBER_OBJECT_CONVERSION = YES_AGGRESSIVE;
				CLANG_CXX_LANGUAGE_STANDARD = "gnu++20";
				CLANG_ENABLE_MODULES = YES;
				CLANG_ENABLE_OBJC_ARC = YES;
				CLANG_ENABLE_OBJC_WEAK = YES;
				CLANG_WARN_BLOCK_CAPTURE_AUTORELEASING = YES;
				CLANG_WARN_BOOL_CONVERSION = YES;
				CLANG_WARN_COMMA = YES;
				CLANG_WARN_CONSTANT_CONVERSION = YES;
				CLANG_WARN_DEPRECATED_OBJC_IMPLEMENTATIONS = YES;
				CLANG_WARN_DIRECT_OBJC_ISA_USAGE = YES_ERROR;
				CLANG_WARN_DOCUMENTATION_COMMENTS = YES;
				CLANG_WARN_EMPTY_BODY = YES;
				CLANG_WARN_ENUM_CONVERSION = YES;
				CLANG_WARN_INFINITE_RECURSION = YES;
				CLANG_WARN_INT_CONVERSION = YES;
				CLANG_WARN_NON_LITERAL_NULL_CONVERSION = YES;
				CLANG_WARN_OBJC_IMPLICIT_RETAIN_SELF = YES;
				CLANG_WARN_OBJC_LITERAL_CONVERSION = YES;
				CLANG_WARN_OBJC_ROOT_CLASS = YES_ERROR;
				CLANG_WARN_QUOTED_INCLUDE_IN_FRAMEWORK_HEADER = YES;
				CLANG_WARN_RANGE_LOOP_ANALYSIS = YES;
				CLANG_WARN_STRICT_PROTOTYPES = YES;
				CLANG_WARN_SUSPICIOUS_MOVE = YES;
				CLANG_WARN_UNGUARDED_AVAILABILITY = YES_AGGRESSIVE;
				CLANG_WARN_UNREACHABLE_CODE = YES;
				CLANG_WARN__DUPLICATE_METHOD_MATCH = YES;
				COPY_PHASE_STRIP = NO;
				DEBUG_INFORMATION_FORMAT = "dwarf-with-dsym";
				ENABLE_NS_ASSERTIONS = NO;
				ENABLE_STRICT_OBJC_MSGSEND = YES;
				ENABLE_USER_SCRIPT_SANDBOXING = YES;
				GCC_C_LANGUAGE_STANDARD = gnu17;
				GCC_NO_COMMON_BLOCKS = YES;
				GCC_WARN_64_TO_32_BIT_CONVERSION = YES;
				GCC_WARN_ABOUT_RETURN_TYPE = YES_ERROR;
				GCC_WARN_UNDECLARED_SELECTOR = YES;
				GCC_WARN_UNINITIALIZED_AUTOS = YES_AGGRESSIVE;
				GCC_WARN_UNUSED_FUNCTION = YES;
				GCC_WARN_UNUSED_VARIABLE = YES;
				IPHONEOS_DEPLOYMENT_TARGET = 17.5;
				LOCALIZATION_PREFERS_STRING_CATALOGS = YES;
				MTL_ENABLE_DEBUG_INFO = NO;
				MTL_FAST_MATH = YES;
				SDKROOT = iphoneos;
				SWIFT_COMPILATION_MODE = wholemodule;
				VALIDATE_PRODUCT = YES;
			};
			name = Release;
		};
		EDD3496C2C08969C006F892F /* Debug */ = {
			isa = XCBuildConfiguration;
			buildSettings = {
				ASSETCATALOG_COMPILER_APPICON_NAME = AppIcon;
				ASSETCATALOG_COMPILER_GLOBAL_ACCENT_COLOR_NAME = AccentColor;
				CODE_SIGN_STYLE = Automatic;
				CURRENT_PROJECT_VERSION = 1;
				GENERATE_INFOPLIST_FILE = YES;
				INFOPLIST_FILE = "HW-13-2/Info.plist";
				INFOPLIST_KEY_UIApplicationSupportsIndirectInputEvents = YES;
				INFOPLIST_KEY_UILaunchStoryboardName = LaunchScreen;
				INFOPLIST_KEY_UIMainStoryboardFile = Main;
				INFOPLIST_KEY_UISupportedInterfaceOrientations_iPad = "UIInterfaceOrientationPortrait UIInterfaceOrientationPortraitUpsideDown UIInterfaceOrientationLandscapeLeft UIInterfaceOrientationLandscapeRight";
				INFOPLIST_KEY_UISupportedInterfaceOrientations_iPhone = "UIInterfaceOrientationPortrait UIInterfaceOrientationLandscapeLeft UIInterfaceOrientationLandscapeRight";
				LD_RUNPATH_SEARCH_PATHS = (
					"$(inherited)",
					"@executable_path/Frameworks",
				);
				MARKETING_VERSION = 1.0;
				PRODUCT_BUNDLE_IDENTIFIER = "com.godoffirekirill.HW-13-2";
				PRODUCT_NAME = "$(TARGET_NAME)";
				SWIFT_EMIT_LOC_STRINGS = YES;
				SWIFT_VERSION = 5.0;
				TARGETED_DEVICE_FAMILY = "1,2";
			};
			name = Debug;
		};
		EDD3496D2C08969C006F892F /* Release */ = {
			isa = XCBuildConfiguration;
			buildSettings = {
				ASSETCATALOG_COMPILER_APPICON_NAME = AppIcon;
				ASSETCATALOG_COMPILER_GLOBAL_ACCENT_COLOR_NAME = AccentColor;
				CODE_SIGN_STYLE = Automatic;
				CURRENT_PROJECT_VERSION = 1;
				GENERATE_INFOPLIST_FILE = YES;
				INFOPLIST_FILE = "HW-13-2/Info.plist";
				INFOPLIST_KEY_UIApplicationSupportsIndirectInputEvents = YES;
				INFOPLIST_KEY_UILaunchStoryboardName = LaunchScreen;
				INFOPLIST_KEY_UIMainStoryboardFile = Main;
				INFOPLIST_KEY_UISupportedInterfaceOrientations_iPad = "UIInterfaceOrientationPortrait UIInterfaceOrientationPortraitUpsideDown UIInterfaceOrientationLandscapeLeft UIInterfaceOrientationLandscapeRight";
				INFOPLIST_KEY_UISupportedInterfaceOrientations_iPhone = "UIInterfaceOrientationPortrait UIInterfaceOrientationLandscapeLeft UIInterfaceOrientationLandscapeRight";
				LD_RUNPATH_SEARCH_PATHS = (
					"$(inherited)",
					"@executable_path/Frameworks",
				);
				MARKETING_VERSION = 1.0;
				PRODUCT_BUNDLE_IDENTIFIER = "com.godoffirekirill.HW-13-2";
				PRODUCT_NAME = "$(TARGET_NAME)";
				SWIFT_EMIT_LOC_STRINGS = YES;
				SWIFT_VERSION = 5.0;
				TARGETED_DEVICE_FAMILY = "1,2";
			};
			name = Release;
		};
		EDD3496F2C08969C006F892F /* Debug */ = {
			isa = XCBuildConfiguration;
			buildSettings = {
				ALWAYS_EMBED_SWIFT_STANDARD_LIBRARIES = YES;
				BUNDLE_LOADER = "$(TEST_HOST)";
				CODE_SIGN_STYLE = Automatic;
				CURRENT_PROJECT_VERSION = 1;
				GENERATE_INFOPLIST_FILE = YES;
				IPHONEOS_DEPLOYMENT_TARGET = 17.5;
				MARKETING_VERSION = 1.0;
				PRODUCT_BUNDLE_IDENTIFIER = "com.godoffirekirill.HW-13-2Tests";
				PRODUCT_NAME = "$(TARGET_NAME)";
				SWIFT_EMIT_LOC_STRINGS = NO;
				SWIFT_VERSION = 5.0;
				TARGETED_DEVICE_FAMILY = "1,2";
				TEST_HOST = "$(BUILT_PRODUCTS_DIR)/HW-13-2.app/$(BUNDLE_EXECUTABLE_FOLDER_PATH)/HW-13-2";
			};
			name = Debug;
		};
		EDD349702C08969C006F892F /* Release */ = {
			isa = XCBuildConfiguration;
			buildSettings = {
				ALWAYS_EMBED_SWIFT_STANDARD_LIBRARIES = YES;
				BUNDLE_LOADER = "$(TEST_HOST)";
				CODE_SIGN_STYLE = Automatic;
				CURRENT_PROJECT_VERSION = 1;
				GENERATE_INFOPLIST_FILE = YES;
				IPHONEOS_DEPLOYMENT_TARGET = 17.5;
				MARKETING_VERSION = 1.0;
				PRODUCT_BUNDLE_IDENTIFIER = "com.godoffirekirill.HW-13-2Tests";
				PRODUCT_NAME = "$(TARGET_NAME)";
				SWIFT_EMIT_LOC_STRINGS = NO;
				SWIFT_VERSION = 5.0;
				TARGETED_DEVICE_FAMILY = "1,2";
				TEST_HOST = "$(BUILT_PRODUCTS_DIR)/HW-13-2.app/$(BUNDLE_EXECUTABLE_FOLDER_PATH)/HW-13-2";
			};
			name = Release;
		};
		EDD349722C08969C006F892F /* Debug */ = {
			isa = XCBuildConfiguration;
			buildSettings = {
				ALWAYS_EMBED_SWIFT_STANDARD_LIBRARIES = YES;
				CODE_SIGN_STYLE = Automatic;
				CURRENT_PROJECT_VERSION = 1;
				GENERATE_INFOPLIST_FILE = YES;
				MARKETING_VERSION = 1.0;
				PRODUCT_BUNDLE_IDENTIFIER = "com.godoffirekirill.HW-13-2UITests";
				PRODUCT_NAME = "$(TARGET_NAME)";
				SWIFT_EMIT_LOC_STRINGS = NO;
				SWIFT_VERSION = 5.0;
				TARGETED_DEVICE_FAMILY = "1,2";
				TEST_TARGET_NAME = "HW-13-2";
			};
			name = Debug;
		};
		EDD349732C08969C006F892F /* Release */ = {
			isa = XCBuildConfiguration;
			buildSettings = {
				ALWAYS_EMBED_SWIFT_STANDARD_LIBRARIES = YES;
				CODE_SIGN_STYLE = Automatic;
				CURRENT_PROJECT_VERSION = 1;
				GENERATE_INFOPLIST_FILE = YES;
				MARKETING_VERSION = 1.0;
				PRODUCT_BUNDLE_IDENTIFIER = "com.godoffirekirill.HW-13-2UITests";
				PRODUCT_NAME = "$(TARGET_NAME)";
				SWIFT_EMIT_LOC_STRINGS = NO;
				SWIFT_VERSION = 5.0;
				TARGETED_DEVICE_FAMILY = "1,2";
				TEST_TARGET_NAME = "HW-13-2";
			};
			name = Release;
		};
/* End XCBuildConfiguration section */

/* Begin XCConfigurationList section */
		EDD3493C2C08969A006F892F /* Build configuration list for PBXProject "HW-13-2" */ = {
			isa = XCConfigurationList;
			buildConfigurations = (
				EDD349692C08969C006F892F /* Debug */,
				EDD3496A2C08969C006F892F /* Release */,
			);
			defaultConfigurationIsVisible = 0;
			defaultConfigurationName = Release;
		};
		EDD3496B2C08969C006F892F /* Build configuration list for PBXNativeTarget "HW-13-2" */ = {
			isa = XCConfigurationList;
			buildConfigurations = (
				EDD3496C2C08969C006F892F /* Debug */,
				EDD3496D2C08969C006F892F /* Release */,
			);
			defaultConfigurationIsVisible = 0;
			defaultConfigurationName = Release;
		};
		EDD3496E2C08969C006F892F /* Build configuration list for PBXNativeTarget "HW-13-2Tests" */ = {
			isa = XCConfigurationList;
			buildConfigurations = (
				EDD3496F2C08969C006F892F /* Debug */,
				EDD349702C08969C006F892F /* Release */,
			);
			defaultConfigurationIsVisible = 0;
			defaultConfigurationName = Release;
		};
		EDD349712C08969C006F892F /* Build configuration list for PBXNativeTarget "HW-13-2UITests" */ = {
			isa = XCConfigurationList;
			buildConfigurations = (
				EDD349722C08969C006F892F /* Debug */,
				EDD349732C08969C006F892F /* Release */,
			);
			defaultConfigurationIsVisible = 0;
			defaultConfigurationName = Release;
		};
/* End XCConfigurationList section */
	};
	rootObject = EDD349392C08969A006F892F /* Project object */;
}
